// !$*UTF8*$!
{
	archiveVersion = 1;
	classes = {
	};
	objectVersion = 56;
	objects = {

/* Begin PBXBuildFile section */
		C37964922A3737EB00E7F5DF /* AppDelegate.swift in Sources */ = {isa = PBXBuildFile; fileRef = C37964912A3737EB00E7F5DF /* AppDelegate.swift */; };
		C37964942A3737EB00E7F5DF /* SceneDelegate.swift in Sources */ = {isa = PBXBuildFile; fileRef = C37964932A3737EB00E7F5DF /* SceneDelegate.swift */; };
		C37964992A3737EB00E7F5DF /* Main.storyboard in Resources */ = {isa = PBXBuildFile; fileRef = C37964972A3737EB00E7F5DF /* Main.storyboard */; };
		C379649B2A3737EE00E7F5DF /* Assets.xcassets in Resources */ = {isa = PBXBuildFile; fileRef = C379649A2A3737EE00E7F5DF /* Assets.xcassets */; };
		C379649E2A3737EE00E7F5DF /* LaunchScreen.storyboard in Resources */ = {isa = PBXBuildFile; fileRef = C379649C2A3737EE00E7F5DF /* LaunchScreen.storyboard */; };
		C37964A72A37382B00E7F5DF /* SnapKit in Frameworks */ = {isa = PBXBuildFile; productRef = C37964A62A37382B00E7F5DF /* SnapKit */; };
		C37964AA2A37383300E7F5DF /* Then in Frameworks */ = {isa = PBXBuildFile; productRef = C37964A92A37383300E7F5DF /* Then */; };
		C37964AC2A37388C00E7F5DF /* CalculatorViewController.swift in Sources */ = {isa = PBXBuildFile; fileRef = C37964AB2A37388C00E7F5DF /* CalculatorViewController.swift */; };
/* End PBXBuildFile section */

/* Begin PBXFileReference section */
		C379648E2A3737EB00E7F5DF /* Calculator_Animation_Study.app */ = {isa = PBXFileReference; explicitFileType = wrapper.application; includeInIndex = 0; path = Calculator_Animation_Study.app; sourceTree = BUILT_PRODUCTS_DIR; };
		C37964912A3737EB00E7F5DF /* AppDelegate.swift */ = {isa = PBXFileReference; lastKnownFileType = sourcecode.swift; path = AppDelegate.swift; sourceTree = "<group>"; };
		C37964932A3737EB00E7F5DF /* SceneDelegate.swift */ = {isa = PBXFileReference; lastKnownFileType = sourcecode.swift; path = SceneDelegate.swift; sourceTree = "<group>"; };
		C37964982A3737EB00E7F5DF /* Base */ = {isa = PBXFileReference; lastKnownFileType = file.storyboard; name = Base; path = Base.lproj/Main.storyboard; sourceTree = "<group>"; };
		C379649A2A3737EE00E7F5DF /* Assets.xcassets */ = {isa = PBXFileReference; lastKnownFileType = folder.assetcatalog; path = Assets.xcassets; sourceTree = "<group>"; };
		C379649D2A3737EE00E7F5DF /* Base */ = {isa = PBXFileReference; lastKnownFileType = file.storyboard; name = Base; path = Base.lproj/LaunchScreen.storyboard; sourceTree = "<group>"; };
		C379649F2A3737EE00E7F5DF /* Info.plist */ = {isa = PBXFileReference; lastKnownFileType = text.plist.xml; path = Info.plist; sourceTree = "<group>"; };
		C37964AB2A37388C00E7F5DF /* CalculatorViewController.swift */ = {isa = PBXFileReference; lastKnownFileType = sourcecode.swift; name = CalculatorViewController.swift; path = Assets.xcassets/CalculatorViewController.swift; sourceTree = "<group>"; };
/* End PBXFileReference section */

/* Begin PBXFrameworksBuildPhase section */
		C379648B2A3737EB00E7F5DF /* Frameworks */ = {
			isa = PBXFrameworksBuildPhase;
			buildActionMask = 2147483647;
			files = (
				C37964A72A37382B00E7F5DF /* SnapKit in Frameworks */,
				C37964AA2A37383300E7F5DF /* Then in Frameworks */,
			);
			runOnlyForDeploymentPostprocessing = 0;
		};
/* End PBXFrameworksBuildPhase section */

/* Begin PBXGroup section */
		C37964852A3737EB00E7F5DF = {
			isa = PBXGroup;
			children = (
				C37964902A3737EB00E7F5DF /* Calculator_Animation_Study */,
				C379648F2A3737EB00E7F5DF /* Products */,
			);
			sourceTree = "<group>";
		};
		C379648F2A3737EB00E7F5DF /* Products */ = {
			isa = PBXGroup;
			children = (
				C379648E2A3737EB00E7F5DF /* Calculator_Animation_Study.app */,
			);
			name = Products;
			sourceTree = "<group>";
		};
		C37964902A3737EB00E7F5DF /* Calculator_Animation_Study */ = {
			isa = PBXGroup;
			children = (
				C37964912A3737EB00E7F5DF /* AppDelegate.swift */,
				C37964932A3737EB00E7F5DF /* SceneDelegate.swift */,
				C37964AB2A37388C00E7F5DF /* CalculatorViewController.swift */,
				C37964972A3737EB00E7F5DF /* Main.storyboard */,
				C379649A2A3737EE00E7F5DF /* Assets.xcassets */,
				C379649C2A3737EE00E7F5DF /* LaunchScreen.storyboard */,
				C379649F2A3737EE00E7F5DF /* Info.plist */,
			);
			path = Calculator_Animation_Study;
			sourceTree = "<group>";
		};
/* End PBXGroup section */

/* Begin PBXNativeTarget section */
		C379648D2A3737EB00E7F5DF /* Calculator_Animation_Study */ = {
			isa = PBXNativeTarget;
			buildConfigurationList = C37964A22A3737EE00E7F5DF /* Build configuration list for PBXNativeTarget "Calculator_Animation_Study" */;
			buildPhases = (
				C379648A2A3737EB00E7F5DF /* Sources */,
				C379648B2A3737EB00E7F5DF /* Frameworks */,
				C379648C2A3737EB00E7F5DF /* Resources */,
			);
			buildRules = (
			);
			dependencies = (
			);
			name = Calculator_Animation_Study;
			packageProductDependencies = (
				C37964A62A37382B00E7F5DF /* SnapKit */,
				C37964A92A37383300E7F5DF /* Then */,
			);
			productName = Calculator_Animation_Study;
			productReference = C379648E2A3737EB00E7F5DF /* Calculator_Animation_Study.app */;
			productType = "com.apple.product-type.application";
		};
/* End PBXNativeTarget section */

/* Begin PBXProject section */
		C37964862A3737EB00E7F5DF /* Project object */ = {
			isa = PBXProject;
			attributes = {
				BuildIndependentTargetsInParallel = 1;
				LastSwiftUpdateCheck = 1430;
				LastUpgradeCheck = 1430;
				TargetAttributes = {
					C379648D2A3737EB00E7F5DF = {
						CreatedOnToolsVersion = 14.3;
					};
				};
			};
			buildConfigurationList = C37964892A3737EB00E7F5DF /* Build configuration list for PBXProject "Calculator_Animation_Study" */;
			compatibilityVersion = "Xcode 14.0";
			developmentRegion = en;
			hasScannedForEncodings = 0;
			knownRegions = (
				en,
				Base,
			);
			mainGroup = C37964852A3737EB00E7F5DF;
			packageReferences = (
				C37964A52A37382B00E7F5DF /* XCRemoteSwiftPackageReference "SnapKit" */,
				C37964A82A37383300E7F5DF /* XCRemoteSwiftPackageReference "Then" */,
			);
			productRefGroup = C379648F2A3737EB00E7F5DF /* Products */;
			projectDirPath = "";
			projectRoot = "";
			targets = (
				C379648D2A3737EB00E7F5DF /* Calculator_Animation_Study */,
			);
		};
/* End PBXProject section */

/* Begin PBXResourcesBuildPhase section */
		C379648C2A3737EB00E7F5DF /* Resources */ = {
			isa = PBXResourcesBuildPhase;
			buildActionMask = 2147483647;
			files = (
				C379649E2A3737EE00E7F5DF /* LaunchScreen.storyboard in Resources */,
				C379649B2A3737EE00E7F5DF /* Assets.xcassets in Resources */,
				C37964992A3737EB00E7F5DF /* Main.storyboard in Resources */,
			);
			runOnlyForDeploymentPostprocessing = 0;
		};
/* End PBXResourcesBuildPhase section */

/* Begin PBXSourcesBuildPhase section */
		C379648A2A3737EB00E7F5DF /* Sources */ = {
			isa = PBXSourcesBuildPhase;
			buildActionMask = 2147483647;
			files = (
				C37964922A3737EB00E7F5DF /* AppDelegate.swift in Sources */,
				C37964AC2A37388C00E7F5DF /* CalculatorViewController.swift in Sources */,
				C37964942A3737EB00E7F5DF /* SceneDelegate.swift in Sources */,
			);
			runOnlyForDeploymentPostprocessing = 0;
		};
/* End PBXSourcesBuildPhase section */

/* Begin PBXVariantGroup section */
		C37964972A3737EB00E7F5DF /* Main.storyboard */ = {
			isa = PBXVariantGroup;
			children = (
				C37964982A3737EB00E7F5DF /* Base */,
			);
			name = Main.storyboard;
			sourceTree = "<group>";
		};
		C379649C2A3737EE00E7F5DF /* LaunchScreen.storyboard */ = {
			isa = PBXVariantGroup;
			children = (
				C379649D2A3737EE00E7F5DF /* Base */,
			);
			name = LaunchScreen.storyboard;
			sourceTree = "<group>";
		};
/* End PBXVariantGroup section */

/* Begin XCBuildConfiguration section */
		C37964A02A3737EE00E7F5DF /* Debug */ = {
			isa = XCBuildConfiguration;
			buildSettings = {
				ALWAYS_SEARCH_USER_PATHS = NO;
				CLANG_ANALYZER_NONNULL = YES;
				CLANG_ANALYZER_NUMBER_OBJECT_CONVERSION = YES_AGGRESSIVE;
				CLANG_CXX_LANGUAGE_STANDARD = "gnu++20";
				CLANG_ENABLE_MODULES = YES;
				CLANG_ENABLE_OBJC_ARC = YES;
				CLANG_ENABLE_OBJC_WEAK = YES;
				CLANG_WARN_BLOCK_CAPTURE_AUTORELEASING = YES;
				CLANG_WARN_BOOL_CONVERSION = YES;
				CLANG_WARN_COMMA = YES;
				CLANG_WARN_CONSTANT_CONVERSION = YES;
				CLANG_WARN_DEPRECATED_OBJC_IMPLEMENTATIONS = YES;
				CLANG_WARN_DIRECT_OBJC_ISA_USAGE = YES_ERROR;
				CLANG_WARN_DOCUMENTATION_COMMENTS = YES;
				CLANG_WARN_EMPTY_BODY = YES;
				CLANG_WARN_ENUM_CONVERSION = YES;
				CLANG_WARN_INFINITE_RECURSION = YES;
				CLANG_WARN_INT_CONVERSION = YES;
				CLANG_WARN_NON_LITERAL_NULL_CONVERSION = YES;
				CLANG_WARN_OBJC_IMPLICIT_RETAIN_SELF = YES;
				CLANG_WARN_OBJC_LITERAL_CONVERSION = YES;
				CLANG_WARN_OBJC_ROOT_CLASS = YES_ERROR;
				CLANG_WARN_QUOTED_INCLUDE_IN_FRAMEWORK_HEADER = YES;
				CLANG_WARN_RANGE_LOOP_ANALYSIS = YES;
				CLANG_WARN_STRICT_PROTOTYPES = YES;
				CLANG_WARN_SUSPICIOUS_MOVE = YES;
				CLANG_WARN_UNGUARDED_AVAILABILITY = YES_AGGRESSIVE;
				CLANG_WARN_UNREACHABLE_CODE = YES;
				CLANG_WARN__DUPLICATE_METHOD_MATCH = YES;
				COPY_PHASE_STRIP = NO;
				DEBUG_INFORMATION_FORMAT = dwarf;
				ENABLE_STRICT_OBJC_MSGSEND = YES;
				ENABLE_TESTABILITY = YES;
				GCC_C_LANGUAGE_STANDARD = gnu11;
				GCC_DYNAMIC_NO_PIC = NO;
				GCC_NO_COMMON_BLOCKS = YES;
				GCC_OPTIMIZATION_LEVEL = 0;
				GCC_PREPROCESSOR_DEFINITIONS = (
					"DEBUG=1",
					"$(inherited)",
				);
				GCC_WARN_64_TO_32_BIT_CONVERSION = YES;
				GCC_WARN_ABOUT_RETURN_TYPE = YES_ERROR;
				GCC_WARN_UNDECLARED_SELECTOR = YES;
				GCC_WARN_UNINITIALIZED_AUTOS = YES_AGGRESSIVE;
				GCC_WARN_UNUSED_FUNCTION = YES;
				GCC_WARN_UNUSED_VARIABLE = YES;
				IPHONEOS_DEPLOYMENT_TARGET = 16.4;
				MTL_ENABLE_DEBUG_INFO = INCLUDE_SOURCE;
				MTL_FAST_MATH = YES;
				ONLY_ACTIVE_ARCH = YES;
				SDKROOT = iphoneos;
				SWIFT_ACTIVE_COMPILATION_CONDITIONS = DEBUG;
				SWIFT_OPTIMIZATION_LEVEL = "-Onone";
			};
			name = Debug;
		};
		C37964A12A3737EE00E7F5DF /* Release */ = {
			isa = XCBuildConfiguration;
			buildSettings = {
				ALWAYS_SEARCH_USER_PATHS = NO;
				CLANG_ANALYZER_NONNULL = YES;
				CLANG_ANALYZER_NUMBER_OBJECT_CONVERSION = YES_AGGRESSIVE;
				CLANG_CXX_LANGUAGE_STANDARD = "gnu++20";
				CLANG_ENABLE_MODULES = YES;
				CLANG_ENABLE_OBJC_ARC = YES;
				CLANG_ENABLE_OBJC_WEAK = YES;
				CLANG_WARN_BLOCK_CAPTURE_AUTORELEASING = YES;
				CLANG_WARN_BOOL_CONVERSION = YES;
				CLANG_WARN_COMMA = YES;
				CLANG_WARN_CONSTANT_CONVERSION = YES;
				CLANG_WARN_DEPRECATED_OBJC_IMPLEMENTATIONS = YES;
				CLANG_WARN_DIRECT_OBJC_ISA_USAGE = YES_ERROR;
				CLANG_WARN_DOCUMENTATION_COMMENTS = YES;
				CLANG_WARN_EMPTY_BODY = YES;
				CLANG_WARN_ENUM_CONVERSION = YES;
				CLANG_WARN_INFINITE_RECURSION = YES;
				CLANG_WARN_INT_CONVERSION = YES;
				CLANG_WARN_NON_LITERAL_NULL_CONVERSION = YES;
				CLANG_WARN_OBJC_IMPLICIT_RETAIN_SELF = YES;
				CLANG_WARN_OBJC_LITERAL_CONVERSION = YES;
				CLANG_WARN_OBJC_ROOT_CLASS = YES_ERROR;
				CLANG_WARN_QUOTED_INCLUDE_IN_FRAMEWORK_HEADER = YES;
				CLANG_WARN_RANGE_LOOP_ANALYSIS = YES;
				CLANG_WARN_STRICT_PROTOTYPES = YES;
				CLANG_WARN_SUSPICIOUS_MOVE = YES;
				CLANG_WARN_UNGUARDED_AVAILABILITY = YES_AGGRESSIVE;
				CLANG_WARN_UNREACHABLE_CODE = YES;
				CLANG_WARN__DUPLICATE_METHOD_MATCH = YES;
				COPY_PHASE_STRIP = NO;
				DEBUG_INFORMATION_FORMAT = "dwarf-with-dsym";
				ENABLE_NS_ASSERTIONS = NO;
				ENABLE_STRICT_OBJC_MSGSEND = YES;
				GCC_C_LANGUAGE_STANDARD = gnu11;
				GCC_NO_COMMON_BLOCKS = YES;
				GCC_WARN_64_TO_32_BIT_CONVERSION = YES;
				GCC_WARN_ABOUT_RETURN_TYPE = YES_ERROR;
				GCC_WARN_UNDECLARED_SELECTOR = YES;
				GCC_WARN_UNINITIALIZED_AUTOS = YES_AGGRESSIVE;
				GCC_WARN_UNUSED_FUNCTION = YES;
				GCC_WARN_UNUSED_VARIABLE = YES;
				IPHONEOS_DEPLOYMENT_TARGET = 16.4;
				MTL_ENABLE_DEBUG_INFO = NO;
				MTL_FAST_MATH = YES;
				SDKROOT = iphoneos;
				SWIFT_COMPILATION_MODE = wholemodule;
				SWIFT_OPTIMIZATION_LEVEL = "-O";
				VALIDATE_PRODUCT = YES;
			};
			name = Release;
		};
		C37964A32A3737EE00E7F5DF /* Debug */ = {
			isa = XCBuildConfiguration;
			buildSettings = {
				ASSETCATALOG_COMPILER_APPICON_NAME = AppIcon;
				ASSETCATALOG_COMPILER_GLOBAL_ACCENT_COLOR_NAME = AccentColor;
				CODE_SIGN_STYLE = Automatic;
				CURRENT_PROJECT_VERSION = 1;
				DEVELOPMENT_TEAM = Q827V73L8U;
				GENERATE_INFOPLIST_FILE = YES;
				INFOPLIST_FILE = Calculator_Animation_Study/Info.plist;
				INFOPLIST_KEY_UIApplicationSupportsIndirectInputEvents = YES;
				INFOPLIST_KEY_UILaunchStoryboardName = LaunchScreen;
				INFOPLIST_KEY_UIMainStoryboardFile = Main;
				INFOPLIST_KEY_UISupportedInterfaceOrientations_iPad = "UIInterfaceOrientationPortrait UIInterfaceOrientationPortraitUpsideDown UIInterfaceOrientationLandscapeLeft UIInterfaceOrientationLandscapeRight";
				INFOPLIST_KEY_UISupportedInterfaceOrientations_iPhone = "UIInterfaceOrientationPortrait UIInterfaceOrientationLandscapeLeft UIInterfaceOrientationLandscapeRight";
				LD_RUNPATH_SEARCH_PATHS = (
					"$(inherited)",
					"@executable_path/Frameworks",
				);
				MARKETING_VERSION = 1.0;
				PRODUCT_BUNDLE_IDENTIFIER = "chaen.Calculator-Animation-Study";
				PRODUCT_NAME = "$(TARGET_NAME)";
				SWIFT_EMIT_LOC_STRINGS = YES;
				SWIFT_VERSION = 5.0;
				TARGETED_DEVICE_FAMILY = "1,2";
			};
			name = Debug;
		};
		C37964A42A3737EE00E7F5DF /* Release */ = {
			isa = XCBuildConfiguration;
			buildSettings = {
				ASSETCATALOG_COMPILER_APPICON_NAME = AppIcon;
				ASSETCATALOG_COMPILER_GLOBAL_ACCENT_COLOR_NAME = AccentColor;
				CODE_SIGN_STYLE = Automatic;
				CURRENT_PROJECT_VERSION = 1;
				DEVELOPMENT_TEAM = Q827V73L8U;
				GENERATE_INFOPLIST_FILE = YES;
				INFOPLIST_FILE = Calculator_Animation_Study/Info.plist;
				INFOPLIST_KEY_UIApplicationSupportsIndirectInputEvents = YES;
				INFOPLIST_KEY_UILaunchStoryboardName = LaunchScreen;
				INFOPLIST_KEY_UIMainStoryboardFile = Main;
				INFOPLIST_KEY_UISupportedInterfaceOrientations_iPad = "UIInterfaceOrientationPortrait UIInterfaceOrientationPortraitUpsideDown UIInterfaceOrientationLandscapeLeft UIInterfaceOrientationLandscapeRight";
				INFOPLIST_KEY_UISupportedInterfaceOrientations_iPhone = "UIInterfaceOrientationPortrait UIInterfaceOrientationLandscapeLeft UIInterfaceOrientationLandscapeRight";
				LD_RUNPATH_SEARCH_PATHS = (
					"$(inherited)",
					"@executable_path/Frameworks",
				);
				MARKETING_VERSION = 1.0;
				PRODUCT_BUNDLE_IDENTIFIER = "chaen.Calculator-Animation-Study";
				PRODUCT_NAME = "$(TARGET_NAME)";
				SWIFT_EMIT_LOC_STRINGS = YES;
				SWIFT_VERSION = 5.0;
				TARGETED_DEVICE_FAMILY = "1,2";
			};
			name = Release;
		};
/* End XCBuildConfiguration section */

/* Begin XCConfigurationList section */
		C37964892A3737EB00E7F5DF /* Build configuration list for PBXProject "Calculator_Animation_Study" */ = {
			isa = XCConfigurationList;
			buildConfigurations = (
				C37964A02A3737EE00E7F5DF /* Debug */,
				C37964A12A3737EE00E7F5DF /* Release */,
			);
			defaultConfigurationIsVisible = 0;
			defaultConfigurationName = Release;
		};
		C37964A22A3737EE00E7F5DF /* Build configuration list for PBXNativeTarget "Calculator_Animation_Study" */ = {
			isa = XCConfigurationList;
			buildConfigurations = (
				C37964A32A3737EE00E7F5DF /* Debug */,
				C37964A42A3737EE00E7F5DF /* Release */,
			);
			defaultConfigurationIsVisible = 0;
			defaultConfigurationName = Release;
		};
/* End XCConfigurationList section */

/* Begin XCRemoteSwiftPackageReference section */
		C37964A52A37382B00E7F5DF /* XCRemoteSwiftPackageReference "SnapKit" */ = {
			isa = XCRemoteSwiftPackageReference;
			repositoryURL = "https://github.com/SnapKit/SnapKit";
			requirement = {
				kind = upToNextMajorVersion;
				minimumVersion = 5.0.0;
			};
		};
		C37964A82A37383300E7F5DF /* XCRemoteSwiftPackageReference "Then" */ = {
			isa = XCRemoteSwiftPackageReference;
			repositoryURL = "https://github.com/devxoul/Then";
			requirement = {
				kind = upToNextMajorVersion;
				minimumVersion = 3.0.0;
			};
		};
/* End XCRemoteSwiftPackageReference section */

/* Begin XCSwiftPackageProductDependency section */
		C37964A62A37382B00E7F5DF /* SnapKit */ = {
			isa = XCSwiftPackageProductDependency;
			package = C37964A52A37382B00E7F5DF /* XCRemoteSwiftPackageReference "SnapKit" */;
			productName = SnapKit;
		};
		C37964A92A37383300E7F5DF /* Then */ = {
			isa = XCSwiftPackageProductDependency;
			package = C37964A82A37383300E7F5DF /* XCRemoteSwiftPackageReference "Then" */;
			productName = Then;
		};
/* End XCSwiftPackageProductDependency section */
	};
	rootObject = C37964862A3737EB00E7F5DF /* Project object */;
}
